
Microsoft Visual Studio Solution File, Format Version 12.00
# Visual Studio 15
VisualStudioVersion = 15.0.28307.852
MinimumVisualStudioVersion = 10.0.40219.1
Project("{9A19103F-16F7-4668-BE54-9A1E7A4F7556}") = "memCacheServer", "mc\memCache\memCacheServer.csproj", "{DF70CC9E-2DBC-42A4-89B9-10DC215D1A64}"
EndProject
Project("{9A19103F-16F7-4668-BE54-9A1E7A4F7556}") = "common", "..\common\common.csproj", "{0B308953-D36A-4FFC-B478-F9778A6DA043}"
EndProject
Project("{2150E333-8FDC-42A3-9474-1A3956D46DE8}") = "mc", "mc", "{556E7026-615E-4C6B-86D1-6C6B767C6984}"
EndProject
Project("{9A19103F-16F7-4668-BE54-9A1E7A4F7556}") = "Model", "mc\Model\Model.csproj", "{C58DB73C-0FFC-4A66-818D-E6D9D7D38147}"
EndProject
Project("{9A19103F-16F7-4668-BE54-9A1E7A4F7556}") = "client", "mc\client\client.csproj", "{BBFEF47D-FCCD-49CF-A496-B3C207B2F255}"
EndProject
Project("{FAE04EC0-301F-11D3-BF4B-00C04F79EFBC}") = "testwin", "test\testwin\testwin.csproj", "{8AD0647A-9DB0-4751-AE8A-DEE46D261507}"
EndProject
Global
	GlobalSection(SolutionConfigurationPlatforms) = preSolution
		Debug|Any CPU = Debug|Any CPU
		Release|Any CPU = Release|Any CPU
	EndGlobalSection
	GlobalSection(ProjectConfigurationPlatforms) = postSolution
		{DF70CC9E-2DBC-42A4-89B9-10DC215D1A64}.Debug|Any CPU.ActiveCfg = Debug|Any CPU
		{DF70CC9E-2DBC-42A4-89B9-10DC215D1A64}.Debug|Any CPU.Build.0 = Debug|Any CPU
		{DF70CC9E-2DBC-42A4-89B9-10DC215D1A64}.Release|Any CPU.ActiveCfg = Release|Any CPU
		{DF70CC9E-2DBC-42A4-89B9-10DC215D1A64}.Release|Any CPU.Build.0 = Release|Any CPU
		{0B308953-D36A-4FFC-B478-F9778A6DA043}.Debug|Any CPU.ActiveCfg = Debug|Any CPU
		{0B308953-D36A-4FFC-B478-F9778A6DA043}.Debug|Any CPU.Build.0 = Debug|Any CPU
		{0B308953-D36A-4FFC-B478-F9778A6DA043}.Release|Any CPU.ActiveCfg = Release|Any CPU
		{0B308953-D36A-4FFC-B478-F9778A6DA043}.Release|Any CPU.Build.0 = Release|Any CPU
		{C58DB73C-0FFC-4A66-818D-E6D9D7D38147}.Debug|Any CPU.ActiveCfg = Debug|Any CPU
		{C58DB73C-0FFC-4A66-818D-E6D9D7D38147}.Debug|Any CPU.Build.0 = Debug|Any CPU
		{C58DB73C-0FFC-4A66-818D-E6D9D7D38147}.Release|Any CPU.ActiveCfg = Release|Any CPU
		{C58DB73C-0FFC-4A66-818D-E6D9D7D38147}.Release|Any CPU.Build.0 = Release|Any CPU
		{BBFEF47D-FCCD-49CF-A496-B3C207B2F255}.Debug|Any CPU.ActiveCfg = Debug|Any CPU
		{BBFEF47D-FCCD-49CF-A496-B3C207B2F255}.Debug|Any CPU.Build.0 = Debug|Any CPU
		{BBFEF47D-FCCD-49CF-A496-B3C207B2F255}.Release|Any CPU.ActiveCfg = Release|Any CPU
		{BBFEF47D-FCCD-49CF-A496-B3C207B2F255}.Release|Any CPU.Build.0 = Release|Any CPU
		{8AD0647A-9DB0-4751-AE8A-DEE46D261507}.Debug|Any CPU.ActiveCfg = Debug|Any CPU
		{8AD0647A-9DB0-4751-AE8A-DEE46D261507}.Debug|Any CPU.Build.0 = Debug|Any CPU
		{8AD0647A-9DB0-4751-AE8A-DEE46D261507}.Release|Any CPU.ActiveCfg = Release|Any CPU
		{8AD0647A-9DB0-4751-AE8A-DEE46D261507}.Release|Any CPU.Build.0 = Release|Any CPU
	EndGlobalSection
	GlobalSection(SolutionProperties) = preSolution
		HideSolutionNode = FALSE
	EndGlobalSection
	GlobalSection(NestedProjects) = preSolution
		{DF70CC9E-2DBC-42A4-89B9-10DC215D1A64} = {556E7026-615E-4C6B-86D1-6C6B767C6984}
		{C58DB73C-0FFC-4A66-818D-E6D9D7D38147} = {556E7026-615E-4C6B-86D1-6C6B767C6984}
		{BBFEF47D-FCCD-49CF-A496-B3C207B2F255} = {556E7026-615E-4C6B-86D1-6C6B767C6984}
	EndGlobalSection
	GlobalSection(ExtensibilityGlobals) = postSolution
		SolutionGuid = {2F80B33B-B162-405A-B0E6-86D1564834C7}
	EndGlobalSection
EndGlobal
