
Microsoft Visual Studio Solution File, Format Version 12.00
# Visual Studio 15
VisualStudioVersion = 15.0.28307.852
MinimumVisualStudioVersion = 10.0.40219.1
Project("{9A19103F-16F7-4668-BE54-9A1E7A4F7556}") = "memCacheServer", "mc\memCache\memCacheServer.csproj", "{DF70CC9E-2DBC-42A4-89B9-10DC215D1A64}"
EndProject
Project("{9A19103F-16F7-4668-BE54-9A1E7A4F7556}") = "common", "..\common\common.csproj", "{0B308953-D36A-4FFC-B478-F9778A6DA043}"
EndProject
Project("{2150E333-8FDC-42A3-9474-1A3956D46DE8}") = "mc", "mc", "{556E7026-615E-4C6B-86D1-6C6B767C6984}"
EndProject
Project("{9A19103F-16F7-4668-BE54-9A1E7A4F7556}") = "Model", "mc\Model\Model.csproj", "{C58DB73C-0FFC-4A66-818D-E6D9D7D38147}"
EndProject
Project("{9A19103F-16F7-4668-BE54-9A1E7A4F7556}") = "client", "mc\client\client.csproj", "{BBFEF47D-FCCD-49CF-A496-B3C207B2F255}"
EndProject
Project("{FAE04EC0-301F-11D3-BF4B-00C04F79EFBC}") = "testwin", "test\testwin\testwin.csproj", "{8AD0647A-9DB0-4751-AE8A-DEE46D261507}"
EndProject
Project("{2150E333-8FDC-42A3-9474-1A3956D46DE8}") = "rpc", "rpc", "{9A30CBA6-8E5A-494D-A386-5A59B1C60240}"
EndProject
Project("{FAE04EC0-301F-11D3-BF4B-00C04F79EFBC}") = "testClient", "rpc\testClient\testClient.csproj", "{AC031508-9BD9-4BBD-A854-72B73457BC3A}"
EndProject
Project("{FAE04EC0-301F-11D3-BF4B-00C04F79EFBC}") = "testServer", "rpc\testServer\testServer.csproj", "{5C98E2D1-483A-4043-AC19-FB1542DC5207}"
EndProject
Project("{9A19103F-16F7-4668-BE54-9A1E7A4F7556}") = "spNettyRPC", "rpc\spNettyRPC\spNettyRPC.csproj", "{D5A6CC77-6D28-45DE-8CD3-C5B09DE7AEEA}"
EndProject
Project("{2150E333-8FDC-42A3-9474-1A3956D46DE8}") = "eureka.net", "eureka.net", "{6AD68343-382B-4780-8D33-3D7B05EFCBA0}"
EndProject
Project("{9A19103F-16F7-4668-BE54-9A1E7A4F7556}") = "ProxyServer", "portProxy\ProxyServer\ProxyServer.csproj", "{19D80495-E803-4FA4-865C-DD1A53899C89}"
EndProject
Project("{9A19103F-16F7-4668-BE54-9A1E7A4F7556}") = "proxyComm", "portProxy\proxyComm\proxyComm.csproj", "{04EBA903-215E-4642-AD64-5328DB85ABFF}"
EndProject
Project("{9A19103F-16F7-4668-BE54-9A1E7A4F7556}") = "proxyClientTest", "portProxy\proxyClientTest\proxyClientTest.csproj", "{C239E407-3EE8-4F36-92DB-ECE594D5444B}"
EndProject
Project("{2150E333-8FDC-42A3-9474-1A3956D46DE8}") = "dotnetty", "dotnetty", "{80393E36-4227-436C-B63F-15E92A599F5E}"
EndProject
Project("{9A19103F-16F7-4668-BE54-9A1E7A4F7556}") = "DotNetty.Transport", "..\..\openSourceComponent\DotNetty\src\DotNetty.Transport\DotNetty.Transport.csproj", "{9F910FCB-05F1-42CA-8616-77FEB8825A1A}"
EndProject
Project("{9A19103F-16F7-4668-BE54-9A1E7A4F7556}") = "DotNetty.Buffers", "..\..\openSourceComponent\DotNetty\src\DotNetty.Buffers\DotNetty.Buffers.csproj", "{F0F2E275-0E5E-4473-B4B0-5C717364AE07}"
EndProject
Project("{9A19103F-16F7-4668-BE54-9A1E7A4F7556}") = "DotNetty.Common", "..\..\openSourceComponent\DotNetty\src\DotNetty.Common\DotNetty.Common.csproj", "{BB07CCBF-95FF-4168-BFFD-A038B361218E}"
EndProject
Project("{9A19103F-16F7-4668-BE54-9A1E7A4F7556}") = "DotNetty.Codecs", "..\..\openSourceComponent\DotNetty\src\DotNetty.Codecs\DotNetty.Codecs.csproj", "{CE872335-6F1D-48BC-BAF2-4F12117381B9}"
EndProject
Project("{9A19103F-16F7-4668-BE54-9A1E7A4F7556}") = "DotNetty.Handlers", "..\..\openSourceComponent\DotNetty\src\DotNetty.Handlers\DotNetty.Handlers.csproj", "{7DB12447-916A-4EFB-9DE8-6C9E762EFB6C}"
EndProject
Project("{9A19103F-16F7-4668-BE54-9A1E7A4F7556}") = "DotNetty.Codecs.Http", "..\..\openSourceComponent\DotNetty\src\DotNetty.Codecs.Http\DotNetty.Codecs.Http.csproj", "{26450BC4-D622-4450-8FCB-1A54FBC3C990}"
EndProject
Project("{9A19103F-16F7-4668-BE54-9A1E7A4F7556}") = "eurekaServer", "eurekaServer\eurekaServer.csproj", "{B01C7C6C-2306-45D8-B62C-A1141D3231BF}"
EndProject
Project("{FAE04EC0-301F-11D3-BF4B-00C04F79EFBC}") = "WebApplicationTest", "WebApplicationTest\WebApplicationTest.csproj", "{3A43BA34-D829-4517-8E7D-DAD115AA0793}"
EndProject
Global
	GlobalSection(SolutionConfigurationPlatforms) = preSolution
		Debug|Any CPU = Debug|Any CPU
		Release|Any CPU = Release|Any CPU
	EndGlobalSection
	GlobalSection(ProjectConfigurationPlatforms) = postSolution
		{DF70CC9E-2DBC-42A4-89B9-10DC215D1A64}.Debug|Any CPU.ActiveCfg = Debug|Any CPU
		{DF70CC9E-2DBC-42A4-89B9-10DC215D1A64}.Debug|Any CPU.Build.0 = Debug|Any CPU
		{DF70CC9E-2DBC-42A4-89B9-10DC215D1A64}.Release|Any CPU.ActiveCfg = Release|Any CPU
		{DF70CC9E-2DBC-42A4-89B9-10DC215D1A64}.Release|Any CPU.Build.0 = Release|Any CPU
		{0B308953-D36A-4FFC-B478-F9778A6DA043}.Debug|Any CPU.ActiveCfg = Debug|Any CPU
		{0B308953-D36A-4FFC-B478-F9778A6DA043}.Debug|Any CPU.Build.0 = Debug|Any CPU
		{0B308953-D36A-4FFC-B478-F9778A6DA043}.Release|Any CPU.ActiveCfg = Release|Any CPU
		{0B308953-D36A-4FFC-B478-F9778A6DA043}.Release|Any CPU.Build.0 = Release|Any CPU
		{C58DB73C-0FFC-4A66-818D-E6D9D7D38147}.Debug|Any CPU.ActiveCfg = Debug|Any CPU
		{C58DB73C-0FFC-4A66-818D-E6D9D7D38147}.Debug|Any CPU.Build.0 = Debug|Any CPU
		{C58DB73C-0FFC-4A66-818D-E6D9D7D38147}.Release|Any CPU.ActiveCfg = Release|Any CPU
		{C58DB73C-0FFC-4A66-818D-E6D9D7D38147}.Release|Any CPU.Build.0 = Release|Any CPU
		{BBFEF47D-FCCD-49CF-A496-B3C207B2F255}.Debug|Any CPU.ActiveCfg = Debug|Any CPU
		{BBFEF47D-FCCD-49CF-A496-B3C207B2F255}.Debug|Any CPU.Build.0 = Debug|Any CPU
		{BBFEF47D-FCCD-49CF-A496-B3C207B2F255}.Release|Any CPU.ActiveCfg = Release|Any CPU
		{BBFEF47D-FCCD-49CF-A496-B3C207B2F255}.Release|Any CPU.Build.0 = Release|Any CPU
		{8AD0647A-9DB0-4751-AE8A-DEE46D261507}.Debug|Any CPU.ActiveCfg = Debug|Any CPU
		{8AD0647A-9DB0-4751-AE8A-DEE46D261507}.Debug|Any CPU.Build.0 = Debug|Any CPU
		{8AD0647A-9DB0-4751-AE8A-DEE46D261507}.Release|Any CPU.ActiveCfg = Release|Any CPU
		{8AD0647A-9DB0-4751-AE8A-DEE46D261507}.Release|Any CPU.Build.0 = Release|Any CPU
		{AC031508-9BD9-4BBD-A854-72B73457BC3A}.Debug|Any CPU.ActiveCfg = Debug|Any CPU
		{AC031508-9BD9-4BBD-A854-72B73457BC3A}.Debug|Any CPU.Build.0 = Debug|Any CPU
		{AC031508-9BD9-4BBD-A854-72B73457BC3A}.Release|Any CPU.ActiveCfg = Release|Any CPU
		{AC031508-9BD9-4BBD-A854-72B73457BC3A}.Release|Any CPU.Build.0 = Release|Any CPU
		{5C98E2D1-483A-4043-AC19-FB1542DC5207}.Debug|Any CPU.ActiveCfg = Debug|Any CPU
		{5C98E2D1-483A-4043-AC19-FB1542DC5207}.Debug|Any CPU.Build.0 = Debug|Any CPU
		{5C98E2D1-483A-4043-AC19-FB1542DC5207}.Release|Any CPU.ActiveCfg = Release|Any CPU
		{5C98E2D1-483A-4043-AC19-FB1542DC5207}.Release|Any CPU.Build.0 = Release|Any CPU
		{D5A6CC77-6D28-45DE-8CD3-C5B09DE7AEEA}.Debug|Any CPU.ActiveCfg = Debug|Any CPU
		{D5A6CC77-6D28-45DE-8CD3-C5B09DE7AEEA}.Debug|Any CPU.Build.0 = Debug|Any CPU
		{D5A6CC77-6D28-45DE-8CD3-C5B09DE7AEEA}.Release|Any CPU.ActiveCfg = Release|Any CPU
		{D5A6CC77-6D28-45DE-8CD3-C5B09DE7AEEA}.Release|Any CPU.Build.0 = Release|Any CPU
		{19D80495-E803-4FA4-865C-DD1A53899C89}.Debug|Any CPU.ActiveCfg = Debug|Any CPU
		{19D80495-E803-4FA4-865C-DD1A53899C89}.Debug|Any CPU.Build.0 = Debug|Any CPU
		{19D80495-E803-4FA4-865C-DD1A53899C89}.Release|Any CPU.ActiveCfg = Release|Any CPU
		{19D80495-E803-4FA4-865C-DD1A53899C89}.Release|Any CPU.Build.0 = Release|Any CPU
		{04EBA903-215E-4642-AD64-5328DB85ABFF}.Debug|Any CPU.ActiveCfg = Debug|Any CPU
		{04EBA903-215E-4642-AD64-5328DB85ABFF}.Debug|Any CPU.Build.0 = Debug|Any CPU
		{04EBA903-215E-4642-AD64-5328DB85ABFF}.Release|Any CPU.ActiveCfg = Release|Any CPU
		{04EBA903-215E-4642-AD64-5328DB85ABFF}.Release|Any CPU.Build.0 = Release|Any CPU
		{C239E407-3EE8-4F36-92DB-ECE594D5444B}.Debug|Any CPU.ActiveCfg = Debug|Any CPU
		{C239E407-3EE8-4F36-92DB-ECE594D5444B}.Debug|Any CPU.Build.0 = Debug|Any CPU
		{C239E407-3EE8-4F36-92DB-ECE594D5444B}.Release|Any CPU.ActiveCfg = Release|Any CPU
		{C239E407-3EE8-4F36-92DB-ECE594D5444B}.Release|Any CPU.Build.0 = Release|Any CPU
		{9F910FCB-05F1-42CA-8616-77FEB8825A1A}.Debug|Any CPU.ActiveCfg = Debug|Any CPU
		{9F910FCB-05F1-42CA-8616-77FEB8825A1A}.Debug|Any CPU.Build.0 = Debug|Any CPU
		{9F910FCB-05F1-42CA-8616-77FEB8825A1A}.Release|Any CPU.ActiveCfg = Release|Any CPU
		{9F910FCB-05F1-42CA-8616-77FEB8825A1A}.Release|Any CPU.Build.0 = Release|Any CPU
		{F0F2E275-0E5E-4473-B4B0-5C717364AE07}.Debug|Any CPU.ActiveCfg = Debug|Any CPU
		{F0F2E275-0E5E-4473-B4B0-5C717364AE07}.Debug|Any CPU.Build.0 = Debug|Any CPU
		{F0F2E275-0E5E-4473-B4B0-5C717364AE07}.Release|Any CPU.ActiveCfg = Release|Any CPU
		{F0F2E275-0E5E-4473-B4B0-5C717364AE07}.Release|Any CPU.Build.0 = Release|Any CPU
		{BB07CCBF-95FF-4168-BFFD-A038B361218E}.Debug|Any CPU.ActiveCfg = Debug|Any CPU
		{BB07CCBF-95FF-4168-BFFD-A038B361218E}.Debug|Any CPU.Build.0 = Debug|Any CPU
		{BB07CCBF-95FF-4168-BFFD-A038B361218E}.Release|Any CPU.ActiveCfg = Release|Any CPU
		{BB07CCBF-95FF-4168-BFFD-A038B361218E}.Release|Any CPU.Build.0 = Release|Any CPU
		{CE872335-6F1D-48BC-BAF2-4F12117381B9}.Debug|Any CPU.ActiveCfg = Debug|Any CPU
		{CE872335-6F1D-48BC-BAF2-4F12117381B9}.Debug|Any CPU.Build.0 = Debug|Any CPU
		{CE872335-6F1D-48BC-BAF2-4F12117381B9}.Release|Any CPU.ActiveCfg = Release|Any CPU
		{CE872335-6F1D-48BC-BAF2-4F12117381B9}.Release|Any CPU.Build.0 = Release|Any CPU
		{7DB12447-916A-4EFB-9DE8-6C9E762EFB6C}.Debug|Any CPU.ActiveCfg = Debug|Any CPU
		{7DB12447-916A-4EFB-9DE8-6C9E762EFB6C}.Debug|Any CPU.Build.0 = Debug|Any CPU
		{7DB12447-916A-4EFB-9DE8-6C9E762EFB6C}.Release|Any CPU.ActiveCfg = Release|Any CPU
		{7DB12447-916A-4EFB-9DE8-6C9E762EFB6C}.Release|Any CPU.Build.0 = Release|Any CPU
		{26450BC4-D622-4450-8FCB-1A54FBC3C990}.Debug|Any CPU.ActiveCfg = Debug|Any CPU
		{26450BC4-D622-4450-8FCB-1A54FBC3C990}.Debug|Any CPU.Build.0 = Debug|Any CPU
		{26450BC4-D622-4450-8FCB-1A54FBC3C990}.Release|Any CPU.ActiveCfg = Release|Any CPU
		{26450BC4-D622-4450-8FCB-1A54FBC3C990}.Release|Any CPU.Build.0 = Release|Any CPU
		{B01C7C6C-2306-45D8-B62C-A1141D3231BF}.Debug|Any CPU.ActiveCfg = Debug|Any CPU
		{B01C7C6C-2306-45D8-B62C-A1141D3231BF}.Debug|Any CPU.Build.0 = Debug|Any CPU
		{B01C7C6C-2306-45D8-B62C-A1141D3231BF}.Release|Any CPU.ActiveCfg = Release|Any CPU
		{B01C7C6C-2306-45D8-B62C-A1141D3231BF}.Release|Any CPU.Build.0 = Release|Any CPU
		{3A43BA34-D829-4517-8E7D-DAD115AA0793}.Debug|Any CPU.ActiveCfg = Debug|Any CPU
		{3A43BA34-D829-4517-8E7D-DAD115AA0793}.Debug|Any CPU.Build.0 = Debug|Any CPU
		{3A43BA34-D829-4517-8E7D-DAD115AA0793}.Release|Any CPU.ActiveCfg = Release|Any CPU
		{3A43BA34-D829-4517-8E7D-DAD115AA0793}.Release|Any CPU.Build.0 = Release|Any CPU
	EndGlobalSection
	GlobalSection(SolutionProperties) = preSolution
		HideSolutionNode = FALSE
	EndGlobalSection
	GlobalSection(NestedProjects) = preSolution
		{DF70CC9E-2DBC-42A4-89B9-10DC215D1A64} = {556E7026-615E-4C6B-86D1-6C6B767C6984}
		{C58DB73C-0FFC-4A66-818D-E6D9D7D38147} = {556E7026-615E-4C6B-86D1-6C6B767C6984}
		{BBFEF47D-FCCD-49CF-A496-B3C207B2F255} = {556E7026-615E-4C6B-86D1-6C6B767C6984}
		{AC031508-9BD9-4BBD-A854-72B73457BC3A} = {9A30CBA6-8E5A-494D-A386-5A59B1C60240}
		{5C98E2D1-483A-4043-AC19-FB1542DC5207} = {9A30CBA6-8E5A-494D-A386-5A59B1C60240}
		{D5A6CC77-6D28-45DE-8CD3-C5B09DE7AEEA} = {9A30CBA6-8E5A-494D-A386-5A59B1C60240}
		{19D80495-E803-4FA4-865C-DD1A53899C89} = {6AD68343-382B-4780-8D33-3D7B05EFCBA0}
		{04EBA903-215E-4642-AD64-5328DB85ABFF} = {6AD68343-382B-4780-8D33-3D7B05EFCBA0}
		{C239E407-3EE8-4F36-92DB-ECE594D5444B} = {6AD68343-382B-4780-8D33-3D7B05EFCBA0}
		{9F910FCB-05F1-42CA-8616-77FEB8825A1A} = {80393E36-4227-436C-B63F-15E92A599F5E}
		{F0F2E275-0E5E-4473-B4B0-5C717364AE07} = {80393E36-4227-436C-B63F-15E92A599F5E}
		{BB07CCBF-95FF-4168-BFFD-A038B361218E} = {80393E36-4227-436C-B63F-15E92A599F5E}
		{CE872335-6F1D-48BC-BAF2-4F12117381B9} = {80393E36-4227-436C-B63F-15E92A599F5E}
		{7DB12447-916A-4EFB-9DE8-6C9E762EFB6C} = {80393E36-4227-436C-B63F-15E92A599F5E}
		{26450BC4-D622-4450-8FCB-1A54FBC3C990} = {80393E36-4227-436C-B63F-15E92A599F5E}
		{B01C7C6C-2306-45D8-B62C-A1141D3231BF} = {6AD68343-382B-4780-8D33-3D7B05EFCBA0}
	EndGlobalSection
	GlobalSection(ExtensibilityGlobals) = postSolution
		SolutionGuid = {2F80B33B-B162-405A-B0E6-86D1564834C7}
	EndGlobalSection
EndGlobal
